
Microsoft Visual Studio Solution File, Format Version 12.00
# Visual Studio Version 16
VisualStudioVersion = 16.0.29920.165
MinimumVisualStudioVersion = 10.0.40219.1
Project("{FAE04EC0-301F-11D3-BF4B-00C04F79EFBC}") = "WebAPISampleHandsOn", "WebAPISampleHandsOn.csproj", "{62C19293-B3FC-43D9-BA4F-FBFBE04D341F}"
EndProject
Global
	GlobalSection(SolutionConfigurationPlatforms) = preSolution
		Debug|Any CPU = Debug|Any CPU
		Release|Any CPU = Release|Any CPU
	EndGlobalSection
	GlobalSection(ProjectConfigurationPlatforms) = postSolution
		{62C19293-B3FC-43D9-BA4F-FBFBE04D341F}.Debug|Any CPU.ActiveCfg = Debug|Any CPU
		{62C19293-B3FC-43D9-BA4F-FBFBE04D341F}.Debug|Any CPU.Build.0 = Debug|Any CPU
		{62C19293-B3FC-43D9-BA4F-FBFBE04D341F}.Release|Any CPU.ActiveCfg = Release|Any CPU
		{62C19293-B3FC-43D9-BA4F-FBFBE04D341F}.Release|Any CPU.Build.0 = Release|Any CPU
	EndGlobalSection
	GlobalSection(SolutionProperties) = preSolution
		HideSolutionNode = FALSE
	EndGlobalSection
	GlobalSection(ExtensibilityGlobals) = postSolution
		SolutionGuid = {538DB233-67C6-4032-BFFF-17FD353C7FC5}
	EndGlobalSection
EndGlobal
